{
  "name": "tulare_union_music_dept",
  "lockfileVersion": 3,
  "requires": true,
  "packages": {
    "": {
      "dependencies": {
        "flat-embed": "^2.3.0"
      }
    },
    "node_modules/flat-embed": {
      "version": "2.3.0",
      "resolved": "https://registry.npmjs.org/flat-embed/-/flat-embed-2.3.0.tgz",
      "integrity": "sha512-K1QuKwbWV9eCq+pLIDScw1zSerWM7jWESDAZAFqi9upUjzyO6RMSyuxhpsedBN1enCLkmurlqK3rEbc+vyYfsA=="
    }
  }
}
